
Microsoft Visual Studio Solution File, Format Version 12.00
# Visual Studio Version 17
VisualStudioVersion = 17.8.34511.84
MinimumVisualStudioVersion = 10.0.40219.1
Project("{FAE04EC0-301F-11D3-BF4B-00C04F79EFBC}") = "Esercizio1", "Esercizio1\Esercizio1.csproj", "{950B458D-2BB6-43E7-86F0-8A686EB4BC28}"
EndProject
Global
	GlobalSection(SolutionConfigurationPlatforms) = preSolution
		Debug|Any CPU = Debug|Any CPU
		Release|Any CPU = Release|Any CPU
	EndGlobalSection
	GlobalSection(ProjectConfigurationPlatforms) = postSolution
		{950B458D-2BB6-43E7-86F0-8A686EB4BC28}.Debug|Any CPU.ActiveCfg = Debug|Any CPU
		{950B458D-2BB6-43E7-86F0-8A686EB4BC28}.Debug|Any CPU.Build.0 = Debug|Any CPU
		{950B458D-2BB6-43E7-86F0-8A686EB4BC28}.Release|Any CPU.ActiveCfg = Release|Any CPU
		{950B458D-2BB6-43E7-86F0-8A686EB4BC28}.Release|Any CPU.Build.0 = Release|Any CPU
	EndGlobalSection
	GlobalSection(SolutionProperties) = preSolution
		HideSolutionNode = FALSE
	EndGlobalSection
	GlobalSection(ExtensibilityGlobals) = postSolution
		SolutionGuid = {1450DD10-79B3-41FC-91EE-E3BCC069297B}
	EndGlobalSection
EndGlobal
